
Microsoft Visual Studio Solution File, Format Version 12.00
# Visual Studio Version 17
VisualStudioVersion = 17.0.32002.185
MinimumVisualStudioVersion = 10.0.40219.1
Project("{FAE04EC0-301F-11D3-BF4B-00C04F79EFBC}") = "TemperatureCalculater", "TemperatureCalculater\TemperatureCalculater.csproj", "{9678EE32-B57E-48D8-9DA9-66D5B6EC6FC9}"
EndProject
Global
	GlobalSection(SolutionConfigurationPlatforms) = preSolution
		Debug|Any CPU = Debug|Any CPU
		Release|Any CPU = Release|Any CPU
	EndGlobalSection
	GlobalSection(ProjectConfigurationPlatforms) = postSolution
		{9678EE32-B57E-48D8-9DA9-66D5B6EC6FC9}.Debug|Any CPU.ActiveCfg = Debug|Any CPU
		{9678EE32-B57E-48D8-9DA9-66D5B6EC6FC9}.Debug|Any CPU.Build.0 = Debug|Any CPU
		{9678EE32-B57E-48D8-9DA9-66D5B6EC6FC9}.Release|Any CPU.ActiveCfg = Release|Any CPU
		{9678EE32-B57E-48D8-9DA9-66D5B6EC6FC9}.Release|Any CPU.Build.0 = Release|Any CPU
	EndGlobalSection
	GlobalSection(SolutionProperties) = preSolution
		HideSolutionNode = FALSE
	EndGlobalSection
	GlobalSection(ExtensibilityGlobals) = postSolution
		SolutionGuid = {E97AFE03-A16C-4827-B8CA-D5CD0252853C}
	EndGlobalSection
EndGlobal
